// !$*UTF8*$!
{
	archiveVersion = 1;
	classes = {
	};
	objectVersion = 50;
	objects = {

/* Begin PBXBuildFile section */
		2EC328A726EAD1ED008E2DF8 /* AppDelegate.swift in Sources */ = {isa = PBXBuildFile; fileRef = 2EC328A626EAD1ED008E2DF8 /* AppDelegate.swift */; };
		2EC328A926EAD1ED008E2DF8 /* SceneDelegate.swift in Sources */ = {isa = PBXBuildFile; fileRef = 2EC328A826EAD1ED008E2DF8 /* SceneDelegate.swift */; };
		2EC328AE26EAD1ED008E2DF8 /* Main.storyboard in Resources */ = {isa = PBXBuildFile; fileRef = 2EC328AC26EAD1ED008E2DF8 /* Main.storyboard */; };
		2EC328B026EAD1EE008E2DF8 /* Assets.xcassets in Resources */ = {isa = PBXBuildFile; fileRef = 2EC328AF26EAD1EE008E2DF8 /* Assets.xcassets */; };
		2EC328B326EAD1EE008E2DF8 /* LaunchScreen.storyboard in Resources */ = {isa = PBXBuildFile; fileRef = 2EC328B126EAD1EE008E2DF8 /* LaunchScreen.storyboard */; };
		2EC328BB26EAD3D0008E2DF8 /* QuoteTableViewController.swift in Sources */ = {isa = PBXBuildFile; fileRef = 2EC328BA26EAD3D0008E2DF8 /* QuoteTableViewController.swift */; };
		2EC328BD26EAE0A7008E2DF8 /* QuoteViewDetailController.swift in Sources */ = {isa = PBXBuildFile; fileRef = 2EC328BC26EAE0A7008E2DF8 /* QuoteViewDetailController.swift */; };
/* End PBXBuildFile section */

/* Begin PBXFileReference section */
		2EC328A326EAD1ED008E2DF8 /* Memorable Quotes.app */ = {isa = PBXFileReference; explicitFileType = wrapper.application; includeInIndex = 0; path = "Memorable Quotes.app"; sourceTree = BUILT_PRODUCTS_DIR; };
		2EC328A626EAD1ED008E2DF8 /* AppDelegate.swift */ = {isa = PBXFileReference; lastKnownFileType = sourcecode.swift; path = AppDelegate.swift; sourceTree = "<group>"; };
		2EC328A826EAD1ED008E2DF8 /* SceneDelegate.swift */ = {isa = PBXFileReference; lastKnownFileType = sourcecode.swift; path = SceneDelegate.swift; sourceTree = "<group>"; };
		2EC328AD26EAD1ED008E2DF8 /* Base */ = {isa = PBXFileReference; lastKnownFileType = file.storyboard; name = Base; path = Base.lproj/Main.storyboard; sourceTree = "<group>"; };
		2EC328AF26EAD1EE008E2DF8 /* Assets.xcassets */ = {isa = PBXFileReference; lastKnownFileType = folder.assetcatalog; path = Assets.xcassets; sourceTree = "<group>"; };
		2EC328B226EAD1EE008E2DF8 /* Base */ = {isa = PBXFileReference; lastKnownFileType = file.storyboard; name = Base; path = Base.lproj/LaunchScreen.storyboard; sourceTree = "<group>"; };
		2EC328B426EAD1EE008E2DF8 /* Info.plist */ = {isa = PBXFileReference; lastKnownFileType = text.plist.xml; path = Info.plist; sourceTree = "<group>"; };
		2EC328BA26EAD3D0008E2DF8 /* QuoteTableViewController.swift */ = {isa = PBXFileReference; lastKnownFileType = sourcecode.swift; path = QuoteTableViewController.swift; sourceTree = "<group>"; };
		2EC328BC26EAE0A7008E2DF8 /* QuoteViewDetailController.swift */ = {isa = PBXFileReference; lastKnownFileType = sourcecode.swift; path = QuoteViewDetailController.swift; sourceTree = "<group>"; };
/* End PBXFileReference section */

/* Begin PBXFrameworksBuildPhase section */
		2EC328A026EAD1ED008E2DF8 /* Frameworks */ = {
			isa = PBXFrameworksBuildPhase;
			buildActionMask = 2147483647;
			files = (
			);
			runOnlyForDeploymentPostprocessing = 0;
		};
/* End PBXFrameworksBuildPhase section */

/* Begin PBXGroup section */
		2EC3289A26EAD1ED008E2DF8 = {
			isa = PBXGroup;
			children = (
				2EC328A526EAD1ED008E2DF8 /* Memorable Quotes */,
				2EC328A426EAD1ED008E2DF8 /* Products */,
			);
			sourceTree = "<group>";
		};
		2EC328A426EAD1ED008E2DF8 /* Products */ = {
			isa = PBXGroup;
			children = (
				2EC328A326EAD1ED008E2DF8 /* Memorable Quotes.app */,
			);
			name = Products;
			sourceTree = "<group>";
		};
		2EC328A526EAD1ED008E2DF8 /* Memorable Quotes */ = {
			isa = PBXGroup;
			children = (
				2EC328A626EAD1ED008E2DF8 /* AppDelegate.swift */,
				2EC328A826EAD1ED008E2DF8 /* SceneDelegate.swift */,
				2EC328AC26EAD1ED008E2DF8 /* Main.storyboard */,
				2EC328BC26EAE0A7008E2DF8 /* QuoteViewDetailController.swift */,
				2EC328BA26EAD3D0008E2DF8 /* QuoteTableViewController.swift */,
				2EC328AF26EAD1EE008E2DF8 /* Assets.xcassets */,
				2EC328B126EAD1EE008E2DF8 /* LaunchScreen.storyboard */,
				2EC328B426EAD1EE008E2DF8 /* Info.plist */,
			);
			path = "Memorable Quotes";
			sourceTree = "<group>";
		};
/* End PBXGroup section */

/* Begin PBXNativeTarget section */
		2EC328A226EAD1ED008E2DF8 /* Memorable Quotes */ = {
			isa = PBXNativeTarget;
			buildConfigurationList = 2EC328B726EAD1EE008E2DF8 /* Build configuration list for PBXNativeTarget "Memorable Quotes" */;
			buildPhases = (
				2EC3289F26EAD1ED008E2DF8 /* Sources */,
				2EC328A026EAD1ED008E2DF8 /* Frameworks */,
				2EC328A126EAD1ED008E2DF8 /* Resources */,
			);
			buildRules = (
			);
			dependencies = (
			);
			name = "Memorable Quotes";
			productName = "Memorable Quotes";
			productReference = 2EC328A326EAD1ED008E2DF8 /* Memorable Quotes.app */;
			productType = "com.apple.product-type.application";
		};
/* End PBXNativeTarget section */

/* Begin PBXProject section */
		2EC3289B26EAD1ED008E2DF8 /* Project object */ = {
			isa = PBXProject;
			attributes = {
				LastSwiftUpdateCheck = 1250;
				LastUpgradeCheck = 1250;
				TargetAttributes = {
					2EC328A226EAD1ED008E2DF8 = {
						CreatedOnToolsVersion = 12.5.1;
					};
				};
			};
			buildConfigurationList = 2EC3289E26EAD1ED008E2DF8 /* Build configuration list for PBXProject "Memorable Quotes" */;
			compatibilityVersion = "Xcode 9.3";
			developmentRegion = en;
			hasScannedForEncodings = 0;
			knownRegions = (
				en,
				Base,
			);
			mainGroup = 2EC3289A26EAD1ED008E2DF8;
			productRefGroup = 2EC328A426EAD1ED008E2DF8 /* Products */;
			projectDirPath = "";
			projectRoot = "";
			targets = (
				2EC328A226EAD1ED008E2DF8 /* Memorable Quotes */,
			);
		};
/* End PBXProject section */

/* Begin PBXResourcesBuildPhase section */
		2EC328A126EAD1ED008E2DF8 /* Resources */ = {
			isa = PBXResourcesBuildPhase;
			buildActionMask = 2147483647;
			files = (
				2EC328B326EAD1EE008E2DF8 /* LaunchScreen.storyboard in Resources */,
				2EC328B026EAD1EE008E2DF8 /* Assets.xcassets in Resources */,
				2EC328AE26EAD1ED008E2DF8 /* Main.storyboard in Resources */,
			);
			runOnlyForDeploymentPostprocessing = 0;
		};
/* End PBXResourcesBuildPhase section */

/* Begin PBXSourcesBuildPhase section */
		2EC3289F26EAD1ED008E2DF8 /* Sources */ = {
			isa = PBXSourcesBuildPhase;
			buildActionMask = 2147483647;
			files = (
				2EC328A726EAD1ED008E2DF8 /* AppDelegate.swift in Sources */,
				2EC328BB26EAD3D0008E2DF8 /* QuoteTableViewController.swift in Sources */,
				2EC328BD26EAE0A7008E2DF8 /* QuoteViewDetailController.swift in Sources */,
				2EC328A926EAD1ED008E2DF8 /* SceneDelegate.swift in Sources */,
			);
			runOnlyForDeploymentPostprocessing = 0;
		};
/* End PBXSourcesBuildPhase section */

/* Begin PBXVariantGroup section */
		2EC328AC26EAD1ED008E2DF8 /* Main.storyboard */ = {
			isa = PBXVariantGroup;
			children = (
				2EC328AD26EAD1ED008E2DF8 /* Base */,
			);
			name = Main.storyboard;
			sourceTree = "<group>";
		};
		2EC328B126EAD1EE008E2DF8 /* LaunchScreen.storyboard */ = {
			isa = PBXVariantGroup;
			children = (
				2EC328B226EAD1EE008E2DF8 /* Base */,
			);
			name = LaunchScreen.storyboard;
			sourceTree = "<group>";
		};
/* End PBXVariantGroup section */

/* Begin XCBuildConfiguration section */
		2EC328B526EAD1EE008E2DF8 /* Debug */ = {
			isa = XCBuildConfiguration;
			buildSettings = {
				ALWAYS_SEARCH_USER_PATHS = NO;
				CLANG_ANALYZER_NONNULL = YES;
				CLANG_ANALYZER_NUMBER_OBJECT_CONVERSION = YES_AGGRESSIVE;
				CLANG_CXX_LANGUAGE_STANDARD = "gnu++14";
				CLANG_CXX_LIBRARY = "libc++";
				CLANG_ENABLE_MODULES = YES;
				CLANG_ENABLE_OBJC_ARC = YES;
				CLANG_ENABLE_OBJC_WEAK = YES;
				CLANG_WARN_BLOCK_CAPTURE_AUTORELEASING = YES;
				CLANG_WARN_BOOL_CONVERSION = YES;
				CLANG_WARN_COMMA = YES;
				CLANG_WARN_CONSTANT_CONVERSION = YES;
				CLANG_WARN_DEPRECATED_OBJC_IMPLEMENTATIONS = YES;
				CLANG_WARN_DIRECT_OBJC_ISA_USAGE = YES_ERROR;
				CLANG_WARN_DOCUMENTATION_COMMENTS = YES;
				CLANG_WARN_EMPTY_BODY = YES;
				CLANG_WARN_ENUM_CONVERSION = YES;
				CLANG_WARN_INFINITE_RECURSION = YES;
				CLANG_WARN_INT_CONVERSION = YES;
				CLANG_WARN_NON_LITERAL_NULL_CONVERSION = YES;
				CLANG_WARN_OBJC_IMPLICIT_RETAIN_SELF = YES;
				CLANG_WARN_OBJC_LITERAL_CONVERSION = YES;
				CLANG_WARN_OBJC_ROOT_CLASS = YES_ERROR;
				CLANG_WARN_QUOTED_INCLUDE_IN_FRAMEWORK_HEADER = YES;
				CLANG_WARN_RANGE_LOOP_ANALYSIS = YES;
				CLANG_WARN_STRICT_PROTOTYPES = YES;
				CLANG_WARN_SUSPICIOUS_MOVE = YES;
				CLANG_WARN_UNGUARDED_AVAILABILITY = YES_AGGRESSIVE;
				CLANG_WARN_UNREACHABLE_CODE = YES;
				CLANG_WARN__DUPLICATE_METHOD_MATCH = YES;
				COPY_PHASE_STRIP = NO;
				DEBUG_INFORMATION_FORMAT = dwarf;
				ENABLE_STRICT_OBJC_MSGSEND = YES;
				ENABLE_TESTABILITY = YES;
				GCC_C_LANGUAGE_STANDARD = gnu11;
				GCC_DYNAMIC_NO_PIC = NO;
				GCC_NO_COMMON_BLOCKS = YES;
				GCC_OPTIMIZATION_LEVEL = 0;
				GCC_PREPROCESSOR_DEFINITIONS = (
					"DEBUG=1",
					"$(inherited)",
				);
				GCC_WARN_64_TO_32_BIT_CONVERSION = YES;
				GCC_WARN_ABOUT_RETURN_TYPE = YES_ERROR;
				GCC_WARN_UNDECLARED_SELECTOR = YES;
				GCC_WARN_UNINITIALIZED_AUTOS = YES_AGGRESSIVE;
				GCC_WARN_UNUSED_FUNCTION = YES;
				GCC_WARN_UNUSED_VARIABLE = YES;
				IPHONEOS_DEPLOYMENT_TARGET = 14.5;
				MTL_ENABLE_DEBUG_INFO = INCLUDE_SOURCE;
				MTL_FAST_MATH = YES;
				ONLY_ACTIVE_ARCH = YES;
				SDKROOT = iphoneos;
				SWIFT_ACTIVE_COMPILATION_CONDITIONS = DEBUG;
				SWIFT_OPTIMIZATION_LEVEL = "-Onone";
			};
			name = Debug;
		};
		2EC328B626EAD1EE008E2DF8 /* Release */ = {
			isa = XCBuildConfiguration;
			buildSettings = {
				ALWAYS_SEARCH_USER_PATHS = NO;
				CLANG_ANALYZER_NONNULL = YES;
				CLANG_ANALYZER_NUMBER_OBJECT_CONVERSION = YES_AGGRESSIVE;
				CLANG_CXX_LANGUAGE_STANDARD = "gnu++14";
				CLANG_CXX_LIBRARY = "libc++";
				CLANG_ENABLE_MODULES = YES;
				CLANG_ENABLE_OBJC_ARC = YES;
				CLANG_ENABLE_OBJC_WEAK = YES;
				CLANG_WARN_BLOCK_CAPTURE_AUTORELEASING = YES;
				CLANG_WARN_BOOL_CONVERSION = YES;
				CLANG_WARN_COMMA = YES;
				CLANG_WARN_CONSTANT_CONVERSION = YES;
				CLANG_WARN_DEPRECATED_OBJC_IMPLEMENTATIONS = YES;
				CLANG_WARN_DIRECT_OBJC_ISA_USAGE = YES_ERROR;
				CLANG_WARN_DOCUMENTATION_COMMENTS = YES;
				CLANG_WARN_EMPTY_BODY = YES;
				CLANG_WARN_ENUM_CONVERSION = YES;
				CLANG_WARN_INFINITE_RECURSION = YES;
				CLANG_WARN_INT_CONVERSION = YES;
				CLANG_WARN_NON_LITERAL_NULL_CONVERSION = YES;
				CLANG_WARN_OBJC_IMPLICIT_RETAIN_SELF = YES;
				CLANG_WARN_OBJC_LITERAL_CONVERSION = YES;
				CLANG_WARN_OBJC_ROOT_CLASS = YES_ERROR;
				CLANG_WARN_QUOTED_INCLUDE_IN_FRAMEWORK_HEADER = YES;
				CLANG_WARN_RANGE_LOOP_ANALYSIS = YES;
				CLANG_WARN_STRICT_PROTOTYPES = YES;
				CLANG_WARN_SUSPICIOUS_MOVE = YES;
				CLANG_WARN_UNGUARDED_AVAILABILITY = YES_AGGRESSIVE;
				CLANG_WARN_UNREACHABLE_CODE = YES;
				CLANG_WARN__DUPLICATE_METHOD_MATCH = YES;
				COPY_PHASE_STRIP = NO;
				DEBUG_INFORMATION_FORMAT = "dwarf-with-dsym";
				ENABLE_NS_ASSERTIONS = NO;
				ENABLE_STRICT_OBJC_MSGSEND = YES;
				GCC_C_LANGUAGE_STANDARD = gnu11;
				GCC_NO_COMMON_BLOCKS = YES;
				GCC_WARN_64_TO_32_BIT_CONVERSION = YES;
				GCC_WARN_ABOUT_RETURN_TYPE = YES_ERROR;
				GCC_WARN_UNDECLARED_SELECTOR = YES;
				GCC_WARN_UNINITIALIZED_AUTOS = YES_AGGRESSIVE;
				GCC_WARN_UNUSED_FUNCTION = YES;
				GCC_WARN_UNUSED_VARIABLE = YES;
				IPHONEOS_DEPLOYMENT_TARGET = 14.5;
				MTL_ENABLE_DEBUG_INFO = NO;
				MTL_FAST_MATH = YES;
				SDKROOT = iphoneos;
				SWIFT_COMPILATION_MODE = wholemodule;
				SWIFT_OPTIMIZATION_LEVEL = "-O";
				VALIDATE_PRODUCT = YES;
			};
			name = Release;
		};
		2EC328B826EAD1EE008E2DF8 /* Debug */ = {
			isa = XCBuildConfiguration;
			buildSettings = {
				ASSETCATALOG_COMPILER_APPICON_NAME = AppIcon;
				ASSETCATALOG_COMPILER_GLOBAL_ACCENT_COLOR_NAME = AccentColor;
				CODE_SIGN_STYLE = Automatic;
				DEVELOPMENT_TEAM = 6627YP7862;
				INFOPLIST_FILE = "Memorable Quotes/Info.plist";
				LD_RUNPATH_SEARCH_PATHS = (
					"$(inherited)",
					"@executable_path/Frameworks",
				);
				PRODUCT_BUNDLE_IDENTIFIER = "com.kyle.morgan.Memorable-Quotes";
				PRODUCT_NAME = "$(TARGET_NAME)";
				SWIFT_VERSION = 5.0;
				TARGETED_DEVICE_FAMILY = "1,2";
			};
			name = Debug;
		};
		2EC328B926EAD1EE008E2DF8 /* Release */ = {
			isa = XCBuildConfiguration;
			buildSettings = {
				ASSETCATALOG_COMPILER_APPICON_NAME = AppIcon;
				ASSETCATALOG_COMPILER_GLOBAL_ACCENT_COLOR_NAME = AccentColor;
				CODE_SIGN_STYLE = Automatic;
				DEVELOPMENT_TEAM = 6627YP7862;
				INFOPLIST_FILE = "Memorable Quotes/Info.plist";
				LD_RUNPATH_SEARCH_PATHS = (
					"$(inherited)",
					"@executable_path/Frameworks",
				);
				PRODUCT_BUNDLE_IDENTIFIER = "com.kyle.morgan.Memorable-Quotes";
				PRODUCT_NAME = "$(TARGET_NAME)";
				SWIFT_VERSION = 5.0;
				TARGETED_DEVICE_FAMILY = "1,2";
			};
			name = Release;
		};
/* End XCBuildConfiguration section */

/* Begin XCConfigurationList section */
		2EC3289E26EAD1ED008E2DF8 /* Build configuration list for PBXProject "Memorable Quotes" */ = {
			isa = XCConfigurationList;
			buildConfigurations = (
				2EC328B526EAD1EE008E2DF8 /* Debug */,
				2EC328B626EAD1EE008E2DF8 /* Release */,
			);
			defaultConfigurationIsVisible = 0;
			defaultConfigurationName = Release;
		};
		2EC328B726EAD1EE008E2DF8 /* Build configuration list for PBXNativeTarget "Memorable Quotes" */ = {
			isa = XCConfigurationList;
			buildConfigurations = (
				2EC328B826EAD1EE008E2DF8 /* Debug */,
				2EC328B926EAD1EE008E2DF8 /* Release */,
			);
			defaultConfigurationIsVisible = 0;
			defaultConfigurationName = Release;
		};
/* End XCConfigurationList section */
	};
	rootObject = 2EC3289B26EAD1ED008E2DF8 /* Project object */;
}
